{
  "name": "parcial",
  "version": "0.0.0",
  "lockfileVersion": 1,
  "requires": true,
  "dependencies": {
    "@types/bson": {
      "version": "1.0.11",
      "resolved": "https://registry.npmjs.org/@types/bson/-/bson-1.0.11.tgz",
      "integrity": "sha512-j+UcCWI+FsbI5/FQP/Kj2CXyplWAz39ktHFkXk84h7dNblKRSoNJs95PZFRd96NQGqsPEPgeclqnznWZr14ZDA==",
      "dev": true,
      "requires": {
        "@types/node": "*"
      }
    },
    "@types/mongodb": {
      "version": "3.1.15",
      "resolved": "https://registry.npmjs.org/@types/mongodb/-/mongodb-3.1.15.tgz",
      "integrity": "sha512-JSvtmrdrh88WH0Lo8Hq7sB1FkEChkrt6+fAZdFhEsRXcUetnrdU7wd2yar40tPg5wfRI2t31yduQgPiMUvgEEA==",
      "dev": true,
      "requires": {
        "@types/bson": "*",
        "@types/node": "*"
      }
    },
    "@types/mongoose": {
      "version": "5.3.2",
      "resolved": "https://registry.npmjs.org/@types/mongoose/-/mongoose-5.3.2.tgz",
      "integrity": "sha512-BodywHKMSpitNsfktZiWfdYT+irLYHeLuknYk59zGTNpm8uoNZ1pLCH+dWMC3k2SlgiP7qL8ij+OlCRXDWkSrQ==",
      "dev": true,
      "requires": {
        "@types/mongodb": "*",
        "@types/node": "*"
      }
    },
    "@types/node": {
      "version": "10.12.11",
      "resolved": "https://registry.npmjs.org/@types/node/-/node-10.12.11.tgz",
      "integrity": "sha512-3iIOhNiPGTdcUNVCv9e5G7GotfvJJe2pc9w2UgDXlUwnxSZ3RgcUocIU+xYm+rTU54jIKih998QE4dMOyMN1NQ==",
      "dev": true
    }
  }
}
